
Microsoft Visual Studio Solution File, Format Version 12.00
# Visual Studio Version 16
VisualStudioVersion = 16.0.30330.147
MinimumVisualStudioVersion = 10.0.40219.1
Project("{FAE04EC0-301F-11D3-BF4B-00C04F79EFBC}") = "SimpleWebApplicationG3", "SimpleWebApplicationG3\SimpleWebApplicationG3.csproj", "{DFFE7183-5165-445E-AAC0-A9B7C6F4D785}"
EndProject
Global
	GlobalSection(SolutionConfigurationPlatforms) = preSolution
		Debug|Any CPU = Debug|Any CPU
		Release|Any CPU = Release|Any CPU
	EndGlobalSection
	GlobalSection(ProjectConfigurationPlatforms) = postSolution
		{DFFE7183-5165-445E-AAC0-A9B7C6F4D785}.Debug|Any CPU.ActiveCfg = Debug|Any CPU
		{DFFE7183-5165-445E-AAC0-A9B7C6F4D785}.Debug|Any CPU.Build.0 = Debug|Any CPU
		{DFFE7183-5165-445E-AAC0-A9B7C6F4D785}.Release|Any CPU.ActiveCfg = Release|Any CPU
		{DFFE7183-5165-445E-AAC0-A9B7C6F4D785}.Release|Any CPU.Build.0 = Release|Any CPU
	EndGlobalSection
	GlobalSection(SolutionProperties) = preSolution
		HideSolutionNode = FALSE
	EndGlobalSection
	GlobalSection(ExtensibilityGlobals) = postSolution
		SolutionGuid = {21671863-BD13-463C-9B1B-163B4A60AC0C}
	EndGlobalSection
EndGlobal
